Microsoft Visual Studio Solution File, Format Version 11.00
# Visual Studio 2008

Project("{8AC2758C-1FE7-C61A-A6A2-B9165ADBE177}") = "Killing_with_love", "Assembly-CSharp-firstpass.csproj", "{092AE2AD-839E-04D6-21D2-28B933EC87E8}"
EndProject
Project("{8AC2758C-1FE7-C61A-A6A2-B9165ADBE177}") = "Killing_with_love", "Assembly-CSharp.csproj", "{B9AF156B-A872-292F-2F7F-6995730EB9A4}"
EndProject
Project("{8AC2758C-1FE7-C61A-A6A2-B9165ADBE177}") = "Killing_with_love", "Assembly-CSharp-Editor.csproj", "{C480ECBF-5779-45C2-A872-6F987A00AAF5}"
EndProject
Global
	GlobalSection(SolutionConfigurationPlatforms) = preSolution
		Debug|Any CPU = Debug|Any CPU
		Release|Any CPU = Release|Any CPU
	EndGlobalSection
	GlobalSection(ProjectConfigurationPlatforms) = postSolution
		{092AE2AD-839E-04D6-21D2-28B933EC87E8}.Debug|Any CPU.ActiveCfg = Debug|Any CPU
		{092AE2AD-839E-04D6-21D2-28B933EC87E8}.Debug|Any CPU.Build.0 = Debug|Any CPU
		{092AE2AD-839E-04D6-21D2-28B933EC87E8}.Release|Any CPU.ActiveCfg = Release|Any CPU
		{092AE2AD-839E-04D6-21D2-28B933EC87E8}.Release|Any CPU.Build.0 = Release|Any CPU
		{B9AF156B-A872-292F-2F7F-6995730EB9A4}.Debug|Any CPU.ActiveCfg = Debug|Any CPU
		{B9AF156B-A872-292F-2F7F-6995730EB9A4}.Debug|Any CPU.Build.0 = Debug|Any CPU
		{B9AF156B-A872-292F-2F7F-6995730EB9A4}.Release|Any CPU.ActiveCfg = Release|Any CPU
		{B9AF156B-A872-292F-2F7F-6995730EB9A4}.Release|Any CPU.Build.0 = Release|Any CPU
		{C480ECBF-5779-45C2-A872-6F987A00AAF5}.Debug|Any CPU.ActiveCfg = Debug|Any CPU
		{C480ECBF-5779-45C2-A872-6F987A00AAF5}.Debug|Any CPU.Build.0 = Debug|Any CPU
		{C480ECBF-5779-45C2-A872-6F987A00AAF5}.Release|Any CPU.ActiveCfg = Release|Any CPU
		{C480ECBF-5779-45C2-A872-6F987A00AAF5}.Release|Any CPU.Build.0 = Release|Any CPU
	EndGlobalSection
	GlobalSection(SolutionProperties) = preSolution
		HideSolutionNode = FALSE
	EndGlobalSection
	GlobalSection(MonoDevelopProperties) = preSolution
		StartupItem = Assembly-CSharp.csproj
	EndGlobalSection
EndGlobal
